Microsoft Visual Studio Solution File, Format Version 11.00
# Visual Studio 2008

Project("{CA0F2F99-7DF4-8186-AB38-EE3B1DF20A36}") = "New fighting game boys", "Assembly-CSharp.csproj", "{83CCD70D-7E90-17E5-2DA1-4FF456F308DE}"
EndProject
Project("{CA0F2F99-7DF4-8186-AB38-EE3B1DF20A36}") = "New fighting game boys", "Assembly-UnityScript.unityproj", "{AE8EA18F-73D2-ACC9-D50C-BB6FDDF3D50C}"
EndProject
Global
	GlobalSection(SolutionConfigurationPlatforms) = preSolution
		Debug|Any CPU = Debug|Any CPU
		Release|Any CPU = Release|Any CPU
	EndGlobalSection
	GlobalSection(ProjectConfigurationPlatforms) = postSolution
		{83CCD70D-7E90-17E5-2DA1-4FF456F308DE}.Debug|Any CPU.ActiveCfg = Debug|Any CPU
		{83CCD70D-7E90-17E5-2DA1-4FF456F308DE}.Debug|Any CPU.Build.0 = Debug|Any CPU
		{83CCD70D-7E90-17E5-2DA1-4FF456F308DE}.Release|Any CPU.ActiveCfg = Release|Any CPU
		{83CCD70D-7E90-17E5-2DA1-4FF456F308DE}.Release|Any CPU.Build.0 = Release|Any CPU
		{AE8EA18F-73D2-ACC9-D50C-BB6FDDF3D50C}.Debug|Any CPU.ActiveCfg = Debug|Any CPU
		{AE8EA18F-73D2-ACC9-D50C-BB6FDDF3D50C}.Debug|Any CPU.Build.0 = Debug|Any CPU
		{AE8EA18F-73D2-ACC9-D50C-BB6FDDF3D50C}.Release|Any CPU.ActiveCfg = Release|Any CPU
		{AE8EA18F-73D2-ACC9-D50C-BB6FDDF3D50C}.Release|Any CPU.Build.0 = Release|Any CPU
	EndGlobalSection
	GlobalSection(SolutionProperties) = preSolution
		HideSolutionNode = FALSE
	EndGlobalSection
																											GlobalSection(MonoDevelopProperties) = preSolution
		StartupItem = Assembly-CSharp.csproj
		Policies = $0
		$0.TextStylePolicy = $1
		$1.inheritsSet = null
		$1.scope = text/x-csharp
		$0.CSharpFormattingPolicy = $2
		$2.inheritsSet = Mono
		$2.inheritsScope = text/x-csharp
		$2.scope = text/x-csharp
		$0.TextStylePolicy = $3
		$3.FileWidth = 120
		$3.TabWidth = 4
		$3.IndentWidth = 4
		$3.EolMarker = Unix
		$3.inheritsSet = Mono
		$3.inheritsScope = text/plain
		$3.scope = text/plain
	EndGlobalSection

EndGlobal
